<?xml version="1.0" encoding="utf-8"?>
<Project ToolsVersion="4.0" xmlns="http://schemas.microsoft.com/developer/msbuild/2003">
  <ItemGroup>
    <FxCompile Include="PixelShader.hlsl" />
    <FxCompile Include="VertexShader.hlsl" />
  </ItemGroup>
  <ItemGroup>
    <ApplicationDefinition Include="App.xaml" />
  </ItemGroup>
  <ItemGroup>
    <ClCompile Include="pch.cpp" />
    <ClCompile Include="$(GeneratedFilesDir)module.g.cpp" />
    <ClCompile Include="..\id1\chase.cpp">
      <Filter>id1</Filter>
    </ClCompile>
    <ClCompile Include="..\id1\cl_demo.cpp">
      <Filter>id1</Filter>
    </ClCompile>
    <ClCompile Include="..\id1\cl_input.cpp">
      <Filter>id1</Filter>
    </ClCompile>
    <ClCompile Include="..\id1\cl_main.cpp">
      <Filter>id1</Filter>
    </ClCompile>
    <ClCompile Include="..\id1\cl_parse.cpp">
      <Filter>id1</Filter>
    </ClCompile>
    <ClCompile Include="..\id1\cl_tent.cpp">
      <Filter>id1</Filter>
    </ClCompile>
    <ClCompile Include="..\id1\cmd.cpp">
      <Filter>id1</Filter>
    </ClCompile>
    <ClCompile Include="..\id1\common.cpp">
      <Filter>id1</Filter>
    </ClCompile>
    <ClCompile Include="..\id1\console.cpp">
      <Filter>id1</Filter>
    </ClCompile>
    <ClCompile Include="..\id1\crc.cpp">
      <Filter>id1</Filter>
    </ClCompile>
    <ClCompile Include="..\id1\cvar.cpp">
      <Filter>id1</Filter>
    </ClCompile>
    <ClCompile Include="..\id1\d_edge.cpp">
      <Filter>id1</Filter>
    </ClCompile>
    <ClCompile Include="..\id1\d_init.cpp">
      <Filter>id1</Filter>
    </ClCompile>
    <ClCompile Include="..\id1\d_modech.cpp">
      <Filter>id1</Filter>
    </ClCompile>
    <ClCompile Include="..\id1\d_part.cpp">
      <Filter>id1</Filter>
    </ClCompile>
    <ClCompile Include="..\id1\d_polyse.cpp">
      <Filter>id1</Filter>
    </ClCompile>
    <ClCompile Include="..\id1\d_scan.cpp">
      <Filter>id1</Filter>
    </ClCompile>
    <ClCompile Include="..\id1\d_sky.cpp">
      <Filter>id1</Filter>
    </ClCompile>
    <ClCompile Include="..\id1\d_sprite.cpp">
      <Filter>id1</Filter>
    </ClCompile>
    <ClCompile Include="..\id1\d_surf.cpp">
      <Filter>id1</Filter>
    </ClCompile>
    <ClCompile Include="..\id1\d_vars.cpp">
      <Filter>id1</Filter>
    </ClCompile>
    <ClCompile Include="..\id1\draw.cpp">
      <Filter>id1</Filter>
    </ClCompile>
    <ClCompile Include="..\id1\host.cpp">
      <Filter>id1</Filter>
    </ClCompile>
    <ClCompile Include="..\id1\host_cmd.cpp">
      <Filter>id1</Filter>
    </ClCompile>
    <ClCompile Include="..\id1\keys.cpp">
      <Filter>id1</Filter>
    </ClCompile>
    <ClCompile Include="..\id1\mathlib.cpp">
      <Filter>id1</Filter>
    </ClCompile>
    <ClCompile Include="..\id1\menu.cpp">
      <Filter>id1</Filter>
    </ClCompile>
    <ClCompile Include="..\id1\model.cpp">
      <Filter>id1</Filter>
    </ClCompile>
    <ClCompile Include="..\id1\net_loop.cpp">
      <Filter>id1</Filter>
    </ClCompile>
    <ClCompile Include="..\id1\net_main.cpp">
      <Filter>id1</Filter>
    </ClCompile>
    <ClCompile Include="..\id1\net_vcr.cpp">
      <Filter>id1</Filter>
    </ClCompile>
    <ClCompile Include="..\id1\nonintel.cpp">
      <Filter>id1</Filter>
    </ClCompile>
    <ClCompile Include="..\id1\pr_cmds.cpp">
      <Filter>id1</Filter>
    </ClCompile>
    <ClCompile Include="..\id1\pr_edict.cpp">
      <Filter>id1</Filter>
    </ClCompile>
    <ClCompile Include="..\id1\pr_exec.cpp">
      <Filter>id1</Filter>
    </ClCompile>
    <ClCompile Include="..\id1\r_aclip.cpp">
      <Filter>id1</Filter>
    </ClCompile>
    <ClCompile Include="..\id1\r_alias.cpp">
      <Filter>id1</Filter>
    </ClCompile>
    <ClCompile Include="..\id1\r_bsp.cpp">
      <Filter>id1</Filter>
    </ClCompile>
    <ClCompile Include="..\id1\r_draw.cpp">
      <Filter>id1</Filter>
    </ClCompile>
    <ClCompile Include="..\id1\r_edge.cpp">
      <Filter>id1</Filter>
    </ClCompile>
    <ClCompile Include="..\id1\r_efrag.cpp">
      <Filter>id1</Filter>
    </ClCompile>
    <ClCompile Include="..\id1\r_light.cpp">
      <Filter>id1</Filter>
    </ClCompile>
    <ClCompile Include="..\id1\r_main.cpp">
      <Filter>id1</Filter>
    </ClCompile>
    <ClCompile Include="..\id1\r_misc.cpp">
      <Filter>id1</Filter>
    </ClCompile>
    <ClCompile Include="..\id1\r_part.cpp">
      <Filter>id1</Filter>
    </ClCompile>
    <ClCompile Include="..\id1\r_sky.cpp">
      <Filter>id1</Filter>
    </ClCompile>
    <ClCompile Include="..\id1\r_sprite.cpp">
      <Filter>id1</Filter>
    </ClCompile>
    <ClCompile Include="..\id1\r_surf.cpp">
      <Filter>id1</Filter>
    </ClCompile>
    <ClCompile Include="..\id1\r_vars.cpp">
      <Filter>id1</Filter>
    </ClCompile>
    <ClCompile Include="..\id1\sbar.cpp">
      <Filter>id1</Filter>
    </ClCompile>
    <ClCompile Include="..\id1\screen.cpp">
      <Filter>id1</Filter>
    </ClCompile>
    <ClCompile Include="..\id1\sv_main.cpp">
      <Filter>id1</Filter>
    </ClCompile>
    <ClCompile Include="..\id1\sv_move.cpp">
      <Filter>id1</Filter>
    </ClCompile>
    <ClCompile Include="..\id1\sv_phys.cpp">
      <Filter>id1</Filter>
    </ClCompile>
    <ClCompile Include="..\id1\sv_user.cpp">
      <Filter>id1</Filter>
    </ClCompile>
    <ClCompile Include="..\id1\view.cpp">
      <Filter>id1</Filter>
    </ClCompile>
    <ClCompile Include="..\id1\wad.cpp">
      <Filter>id1</Filter>
    </ClCompile>
    <ClCompile Include="..\id1\world.cpp">
      <Filter>id1</Filter>
    </ClCompile>
    <ClCompile Include="..\SlipNFrag\cd_null.cpp">
      <Filter>SlipNFrag</Filter>
    </ClCompile>
    <ClCompile Include="vid_uwp.cpp" />
    <ClCompile Include="sys_uwp.cpp" />
    <ClCompile Include="App.cpp" />
    <ClCompile Include="MainPage.cpp" />
    <ClCompile Include="in_uwp.cpp" />
    <ClCompile Include="..\id1\snd_dma.cpp">
      <Filter>id1</Filter>
    </ClCompile>
    <ClCompile Include="..\id1\snd_mem.cpp">
      <Filter>id1</Filter>
    </ClCompile>
    <ClCompile Include="..\id1\snd_mix.cpp">
      <Filter>id1</Filter>
    </ClCompile>
    <ClCompile Include="snd_uwp.cpp" />
    <ClCompile Include="..\id1\net_dgrm.cpp">
      <Filter>id1</Filter>
    </ClCompile>
    <ClCompile Include="..\id1\net_win.cpp">
      <Filter>id1</Filter>
    </ClCompile>
    <ClCompile Include="..\id1\net_wins.cpp">
      <Filter>id1</Filter>
    </ClCompile>
    <ClCompile Include="..\id1\net_sock.cpp">
      <Filter>id1</Filter>
    </ClCompile>
  </ItemGroup>
  <ItemGroup>
    <ClInclude Include="pch.h" />
    <ClInclude Include="..\id1\bspfile.h">
      <Filter>id1</Filter>
    </ClInclude>
    <ClInclude Include="..\id1\cdaudio.h">
      <Filter>id1</Filter>
    </ClInclude>
    <ClInclude Include="..\id1\client.h">
      <Filter>id1</Filter>
    </ClInclude>
    <ClInclude Include="..\id1\cmd.h">
      <Filter>id1</Filter>
    </ClInclude>
    <ClInclude Include="..\id1\common.h">
      <Filter>id1</Filter>
    </ClInclude>
    <ClInclude Include="..\id1\console.h">
      <Filter>id1</Filter>
    </ClInclude>
    <ClInclude Include="..\id1\crc.h">
      <Filter>id1</Filter>
    </ClInclude>
    <ClInclude Include="..\id1\cvar.h">
      <Filter>id1</Filter>
    </ClInclude>
    <ClInclude Include="..\id1\d_iface.h">
      <Filter>id1</Filter>
    </ClInclude>
    <ClInclude Include="..\id1\d_local.h">
      <Filter>id1</Filter>
    </ClInclude>
    <ClInclude Include="..\id1\draw.h">
      <Filter>id1</Filter>
    </ClInclude>
    <ClInclude Include="..\id1\input.h">
      <Filter>id1</Filter>
    </ClInclude>
    <ClInclude Include="..\id1\keys.h">
      <Filter>id1</Filter>
    </ClInclude>
    <ClInclude Include="..\id1\mathlib.h">
      <Filter>id1</Filter>
    </ClInclude>
    <ClInclude Include="..\id1\menu.h">
      <Filter>id1</Filter>
    </ClInclude>
    <ClInclude Include="..\id1\model.h">
      <Filter>id1</Filter>
    </ClInclude>
    <ClInclude Include="..\id1\modelgen.h">
      <Filter>id1</Filter>
    </ClInclude>
    <ClInclude Include="..\id1\net.h">
      <Filter>id1</Filter>
    </ClInclude>
    <ClInclude Include="..\id1\net_loop.h">
      <Filter>id1</Filter>
    </ClInclude>
    <ClInclude Include="..\id1\net_vcr.h">
      <Filter>id1</Filter>
    </ClInclude>
    <ClInclude Include="..\id1\pr_comp.h">
      <Filter>id1</Filter>
    </ClInclude>
    <ClInclude Include="..\id1\progdefs.h">
      <Filter>id1</Filter>
    </ClInclude>
    <ClInclude Include="..\id1\progs.h">
      <Filter>id1</Filter>
    </ClInclude>
    <ClInclude Include="..\id1\protocol.h">
      <Filter>id1</Filter>
    </ClInclude>
    <ClInclude Include="..\id1\quakedef.h">
      <Filter>id1</Filter>
    </ClInclude>
    <ClInclude Include="..\id1\r_local.h">
      <Filter>id1</Filter>
    </ClInclude>
    <ClInclude Include="..\id1\r_shared.h">
      <Filter>id1</Filter>
    </ClInclude>
    <ClInclude Include="..\id1\render.h">
      <Filter>id1</Filter>
    </ClInclude>
    <ClInclude Include="..\id1\sbar.h">
      <Filter>id1</Filter>
    </ClInclude>
    <ClInclude Include="..\id1\screen.h">
      <Filter>id1</Filter>
    </ClInclude>
    <ClInclude Include="..\id1\server.h">
      <Filter>id1</Filter>
    </ClInclude>
    <ClInclude Include="..\id1\sound.h">
      <Filter>id1</Filter>
    </ClInclude>
    <ClInclude Include="..\id1\spritegn.h">
      <Filter>id1</Filter>
    </ClInclude>
    <ClInclude Include="..\id1\sys.h">
      <Filter>id1</Filter>
    </ClInclude>
    <ClInclude Include="..\id1\vid.h">
      <Filter>id1</Filter>
    </ClInclude>
    <ClInclude Include="..\id1\view.h">
      <Filter>id1</Filter>
    </ClInclude>
    <ClInclude Include="..\id1\wad.h">
      <Filter>id1</Filter>
    </ClInclude>
    <ClInclude Include="..\id1\world.h">
      <Filter>id1</Filter>
    </ClInclude>
    <ClInclude Include="..\id1\adivtab.h">
      <Filter>id1</Filter>
    </ClInclude>
    <ClInclude Include="..\id1\anorms.h">
      <Filter>id1</Filter>
    </ClInclude>
    <ClInclude Include="vid_uwp.h" />
    <ClInclude Include="sys_uwp.h" />
    <ClInclude Include="virtualkeymap.h" />
    <ClInclude Include="App.h" />
    <ClInclude Include="MainPage.h" />
    <ClInclude Include="in_uwp.h" />
    <ClInclude Include="snd_uwp.h" />
    <ClInclude Include="..\id1\net_dgrm.h">
      <Filter>id1</Filter>
    </ClInclude>
    <ClInclude Include="..\id1\net_wins.h">
      <Filter>id1</Filter>
    </ClInclude>
    <ClInclude Include="..\id1\net_sock.h">
      <Filter>id1</Filter>
    </ClInclude>
  </ItemGroup>
  <ItemGroup>
    <Image Include="Assets\LockScreenLogo.scale-200.png" />
    <Image Include="Assets\play.png" />
    <Image Include="Assets\SplashScreen.scale-200.png" />
    <Image Include="Assets\Square150x150Logo.scale-200.png" />
    <Image Include="Assets\Square44x44Logo.scale-200.png" />
    <Image Include="Assets\Square44x44Logo.targetsize-24_altform-unplated.png" />
    <Image Include="Assets\StoreLogo.png" />
    <Image Include="Assets\Wide310x150Logo.scale-200.png" />
  </ItemGroup>
  <ItemGroup>
    <AppxManifest Include="Package.appxmanifest" />
  </ItemGroup>
  <ItemGroup>
    <None Include="packages.config" />
    <None Include="PropertySheet.props" />
    <None Include="Package.StoreAssociation.xml" />
  </ItemGroup>
  <ItemGroup>
    <Page Include="MainPage.xaml" />
    <Page Include="SettingsContentDialog.xaml" />
  </ItemGroup>
  <ItemGroup>
    <Filter Include="id1">
      <UniqueIdentifier>{70699967-de5f-4388-a6d2-2aeda45c8357}</UniqueIdentifier>
    </Filter>
    <Filter Include="SlipNFrag">
      <UniqueIdentifier>{71c413a4-4264-491f-adc2-789070f1c79c}</UniqueIdentifier>
    </Filter>
  </ItemGroup>
  <ItemGroup>
    <Midl Include="App.idl" />
    <Midl Include="MainPage.idl" />
  </ItemGroup>
</Project>